
Microsoft Visual Studio Solution File, Format Version 12.00
# Visual Studio Version 17
VisualStudioVersion = 17.0.31717.71
MinimumVisualStudioVersion = 10.0.40219.1
Project("{9A19103F-16F7-4668-BE54-9A1E7A4F7556}") = "WinApp", "src\WinApp\WinApp.csproj", "{4F1E4535-4C6B-4B2B-9009-96158DD619A8}"
EndProject
Project("{9A19103F-16F7-4668-BE54-9A1E7A4F7556}") = "WinApp.Tests", "tests\WinApp.Tests\WinApp.Tests.csproj", "{2A1018C3-3127-46CE-8CBD-B8E75691EEB3}"
EndProject
Project("{930C7802-8A8C-48F9-8165-68863BCCD9DD}") = "WinApp.Installer", "src\WinApp.Installer\WinApp.Installer.wixproj", "{2108342E-91B3-40A2-A269-D61583C7BDAB}"
EndProject
Project("{9A19103F-16F7-4668-BE54-9A1E7A4F7556}") = "Plugins.Git", "src\Plugins.Git\Plugins.Git.csproj", "{9060544C-6E2C-45D4-895D-D90CC785242B}"
EndProject
Project("{9A19103F-16F7-4668-BE54-9A1E7A4F7556}") = "Core", "src\Core\Core.csproj", "{DA63AEE2-C087-4049-9422-0FD3CE4FC6AB}"
EndProject
Project("{9A19103F-16F7-4668-BE54-9A1E7A4F7556}") = "Plugins.Ssh", "src\Plugins.Ssh\Plugins.Ssh.csproj", "{2652E969-9723-47CE-A1FE-B54B854B8DD4}"
EndProject
Project("{9A19103F-16F7-4668-BE54-9A1E7A4F7556}") = "WinApp.Plugins", "src\WinApp.Plugins\WinApp.Plugins.csproj", "{3A3470E7-2C9A-4E8F-A83C-6A3B829517BF}"
EndProject
Global
	GlobalSection(SolutionConfigurationPlatforms) = preSolution
		Debug|Any CPU = Debug|Any CPU
		Debug|x64 = Debug|x64
		Debug|x86 = Debug|x86
		Release|Any CPU = Release|Any CPU
		Release|x64 = Release|x64
		Release|x86 = Release|x86
	EndGlobalSection
	GlobalSection(ProjectConfigurationPlatforms) = postSolution
		{4F1E4535-4C6B-4B2B-9009-96158DD619A8}.Debug|Any CPU.ActiveCfg = Debug|Any CPU
		{4F1E4535-4C6B-4B2B-9009-96158DD619A8}.Debug|Any CPU.Build.0 = Debug|Any CPU
		{4F1E4535-4C6B-4B2B-9009-96158DD619A8}.Debug|x64.ActiveCfg = Debug|Any CPU
		{4F1E4535-4C6B-4B2B-9009-96158DD619A8}.Debug|x64.Build.0 = Debug|Any CPU
		{4F1E4535-4C6B-4B2B-9009-96158DD619A8}.Debug|x86.ActiveCfg = Debug|Any CPU
		{4F1E4535-4C6B-4B2B-9009-96158DD619A8}.Debug|x86.Build.0 = Debug|Any CPU
		{4F1E4535-4C6B-4B2B-9009-96158DD619A8}.Release|Any CPU.ActiveCfg = Release|Any CPU
		{4F1E4535-4C6B-4B2B-9009-96158DD619A8}.Release|Any CPU.Build.0 = Release|Any CPU
		{4F1E4535-4C6B-4B2B-9009-96158DD619A8}.Release|x64.ActiveCfg = Release|Any CPU
		{4F1E4535-4C6B-4B2B-9009-96158DD619A8}.Release|x64.Build.0 = Release|Any CPU
		{4F1E4535-4C6B-4B2B-9009-96158DD619A8}.Release|x86.ActiveCfg = Release|Any CPU
		{4F1E4535-4C6B-4B2B-9009-96158DD619A8}.Release|x86.Build.0 = Release|Any CPU
		{2A1018C3-3127-46CE-8CBD-B8E75691EEB3}.Debug|Any CPU.ActiveCfg = Debug|Any CPU
		{2A1018C3-3127-46CE-8CBD-B8E75691EEB3}.Debug|Any CPU.Build.0 = Debug|Any CPU
		{2A1018C3-3127-46CE-8CBD-B8E75691EEB3}.Debug|x64.ActiveCfg = Debug|Any CPU
		{2A1018C3-3127-46CE-8CBD-B8E75691EEB3}.Debug|x64.Build.0 = Debug|Any CPU
		{2A1018C3-3127-46CE-8CBD-B8E75691EEB3}.Debug|x86.ActiveCfg = Debug|Any CPU
		{2A1018C3-3127-46CE-8CBD-B8E75691EEB3}.Debug|x86.Build.0 = Debug|Any CPU
		{2A1018C3-3127-46CE-8CBD-B8E75691EEB3}.Release|Any CPU.ActiveCfg = Release|Any CPU
		{2A1018C3-3127-46CE-8CBD-B8E75691EEB3}.Release|Any CPU.Build.0 = Release|Any CPU
		{2A1018C3-3127-46CE-8CBD-B8E75691EEB3}.Release|x64.ActiveCfg = Release|Any CPU
		{2A1018C3-3127-46CE-8CBD-B8E75691EEB3}.Release|x64.Build.0 = Release|Any CPU
		{2A1018C3-3127-46CE-8CBD-B8E75691EEB3}.Release|x86.ActiveCfg = Release|Any CPU
		{2A1018C3-3127-46CE-8CBD-B8E75691EEB3}.Release|x86.Build.0 = Release|Any CPU
		{2108342E-91B3-40A2-A269-D61583C7BDAB}.Debug|Any CPU.ActiveCfg = Debug|x86
		{2108342E-91B3-40A2-A269-D61583C7BDAB}.Debug|x64.ActiveCfg = Debug|x86
		{2108342E-91B3-40A2-A269-D61583C7BDAB}.Debug|x86.ActiveCfg = Debug|x86
		{2108342E-91B3-40A2-A269-D61583C7BDAB}.Release|Any CPU.ActiveCfg = Release|x86
		{2108342E-91B3-40A2-A269-D61583C7BDAB}.Release|x64.ActiveCfg = Release|x64
		{2108342E-91B3-40A2-A269-D61583C7BDAB}.Release|x86.ActiveCfg = Release|x86
		{9060544C-6E2C-45D4-895D-D90CC785242B}.Debug|Any CPU.ActiveCfg = Debug|Any CPU
		{9060544C-6E2C-45D4-895D-D90CC785242B}.Debug|Any CPU.Build.0 = Debug|Any CPU
		{9060544C-6E2C-45D4-895D-D90CC785242B}.Debug|x64.ActiveCfg = Debug|Any CPU
		{9060544C-6E2C-45D4-895D-D90CC785242B}.Debug|x64.Build.0 = Debug|Any CPU
		{9060544C-6E2C-45D4-895D-D90CC785242B}.Debug|x86.ActiveCfg = Debug|Any CPU
		{9060544C-6E2C-45D4-895D-D90CC785242B}.Debug|x86.Build.0 = Debug|Any CPU
		{9060544C-6E2C-45D4-895D-D90CC785242B}.Release|Any CPU.ActiveCfg = Release|Any CPU
		{9060544C-6E2C-45D4-895D-D90CC785242B}.Release|Any CPU.Build.0 = Release|Any CPU
		{9060544C-6E2C-45D4-895D-D90CC785242B}.Release|x64.ActiveCfg = Release|Any CPU
		{9060544C-6E2C-45D4-895D-D90CC785242B}.Release|x64.Build.0 = Release|Any CPU
		{9060544C-6E2C-45D4-895D-D90CC785242B}.Release|x86.ActiveCfg = Release|Any CPU
		{9060544C-6E2C-45D4-895D-D90CC785242B}.Release|x86.Build.0 = Release|Any CPU
		{DA63AEE2-C087-4049-9422-0FD3CE4FC6AB}.Debug|Any CPU.ActiveCfg = Debug|Any CPU
		{DA63AEE2-C087-4049-9422-0FD3CE4FC6AB}.Debug|Any CPU.Build.0 = Debug|Any CPU
		{DA63AEE2-C087-4049-9422-0FD3CE4FC6AB}.Debug|x64.ActiveCfg = Debug|Any CPU
		{DA63AEE2-C087-4049-9422-0FD3CE4FC6AB}.Debug|x64.Build.0 = Debug|Any CPU
		{DA63AEE2-C087-4049-9422-0FD3CE4FC6AB}.Debug|x86.ActiveCfg = Debug|Any CPU
		{DA63AEE2-C087-4049-9422-0FD3CE4FC6AB}.Debug|x86.Build.0 = Debug|Any CPU
		{DA63AEE2-C087-4049-9422-0FD3CE4FC6AB}.Release|Any CPU.ActiveCfg = Release|Any CPU
		{DA63AEE2-C087-4049-9422-0FD3CE4FC6AB}.Release|Any CPU.Build.0 = Release|Any CPU
		{DA63AEE2-C087-4049-9422-0FD3CE4FC6AB}.Release|x64.ActiveCfg = Release|Any CPU
		{DA63AEE2-C087-4049-9422-0FD3CE4FC6AB}.Release|x64.Build.0 = Release|Any CPU
		{DA63AEE2-C087-4049-9422-0FD3CE4FC6AB}.Release|x86.ActiveCfg = Release|Any CPU
		{DA63AEE2-C087-4049-9422-0FD3CE4FC6AB}.Release|x86.Build.0 = Release|Any CPU
		{2652E969-9723-47CE-A1FE-B54B854B8DD4}.Debug|Any CPU.ActiveCfg = Debug|Any CPU
		{2652E969-9723-47CE-A1FE-B54B854B8DD4}.Debug|Any CPU.Build.0 = Debug|Any CPU
		{2652E969-9723-47CE-A1FE-B54B854B8DD4}.Debug|x64.ActiveCfg = Debug|Any CPU
		{2652E969-9723-47CE-A1FE-B54B854B8DD4}.Debug|x64.Build.0 = Debug|Any CPU
		{2652E969-9723-47CE-A1FE-B54B854B8DD4}.Debug|x86.ActiveCfg = Debug|Any CPU
		{2652E969-9723-47CE-A1FE-B54B854B8DD4}.Debug|x86.Build.0 = Debug|Any CPU
		{2652E969-9723-47CE-A1FE-B54B854B8DD4}.Release|Any CPU.ActiveCfg = Release|Any CPU
		{2652E969-9723-47CE-A1FE-B54B854B8DD4}.Release|Any CPU.Build.0 = Release|Any CPU
		{2652E969-9723-47CE-A1FE-B54B854B8DD4}.Release|x64.ActiveCfg = Release|Any CPU
		{2652E969-9723-47CE-A1FE-B54B854B8DD4}.Release|x64.Build.0 = Release|Any CPU
		{2652E969-9723-47CE-A1FE-B54B854B8DD4}.Release|x86.ActiveCfg = Release|Any CPU
		{2652E969-9723-47CE-A1FE-B54B854B8DD4}.Release|x86.Build.0 = Release|Any CPU
		{3A3470E7-2C9A-4E8F-A83C-6A3B829517BF}.Debug|Any CPU.ActiveCfg = Debug|Any CPU
		{3A3470E7-2C9A-4E8F-A83C-6A3B829517BF}.Debug|Any CPU.Build.0 = Debug|Any CPU
		{3A3470E7-2C9A-4E8F-A83C-6A3B829517BF}.Debug|x64.ActiveCfg = Debug|Any CPU
		{3A3470E7-2C9A-4E8F-A83C-6A3B829517BF}.Debug|x64.Build.0 = Debug|Any CPU
		{3A3470E7-2C9A-4E8F-A83C-6A3B829517BF}.Debug|x86.ActiveCfg = Debug|Any CPU
		{3A3470E7-2C9A-4E8F-A83C-6A3B829517BF}.Debug|x86.Build.0 = Debug|Any CPU
		{3A3470E7-2C9A-4E8F-A83C-6A3B829517BF}.Release|Any CPU.ActiveCfg = Release|Any CPU
		{3A3470E7-2C9A-4E8F-A83C-6A3B829517BF}.Release|Any CPU.Build.0 = Release|Any CPU
		{3A3470E7-2C9A-4E8F-A83C-6A3B829517BF}.Release|x64.ActiveCfg = Release|Any CPU
		{3A3470E7-2C9A-4E8F-A83C-6A3B829517BF}.Release|x64.Build.0 = Release|Any CPU
		{3A3470E7-2C9A-4E8F-A83C-6A3B829517BF}.Release|x86.ActiveCfg = Release|Any CPU
		{3A3470E7-2C9A-4E8F-A83C-6A3B829517BF}.Release|x86.Build.0 = Release|Any CPU
	EndGlobalSection
	GlobalSection(SolutionProperties) = preSolution
		HideSolutionNode = FALSE
	EndGlobalSection
	GlobalSection(ExtensibilityGlobals) = postSolution
		SolutionGuid = {B46BAAF3-11AB-4215-BE01-70ED5AE33B6D}
	EndGlobalSection
EndGlobal
